
Microsoft Visual Studio Solution File, Format Version 12.00
# Visual Studio Version 17
VisualStudioVersion = 17.9.34616.47
MinimumVisualStudioVersion = 10.0.40219.1
Project("{FAE04EC0-301F-11D3-BF4B-00C04F79EFBC}") = "MoviesAPI", "MoviesAPI\MoviesAPI.csproj", "{5674A305-E2BA-4363-8A5A-5DAA30DC6B4D}"
EndProject
Global
	GlobalSection(SolutionConfigurationPlatforms) = preSolution
		Debug|Any CPU = Debug|Any CPU
		Release|Any CPU = Release|Any CPU
	EndGlobalSection
	GlobalSection(ProjectConfigurationPlatforms) = postSolution
		{5674A305-E2BA-4363-8A5A-5DAA30DC6B4D}.Debug|Any CPU.ActiveCfg = Debug|Any CPU
		{5674A305-E2BA-4363-8A5A-5DAA30DC6B4D}.Debug|Any CPU.Build.0 = Debug|Any CPU
		{5674A305-E2BA-4363-8A5A-5DAA30DC6B4D}.Release|Any CPU.ActiveCfg = Release|Any CPU
		{5674A305-E2BA-4363-8A5A-5DAA30DC6B4D}.Release|Any CPU.Build.0 = Release|Any CPU
	EndGlobalSection
	GlobalSection(SolutionProperties) = preSolution
		HideSolutionNode = FALSE
	EndGlobalSection
	GlobalSection(ExtensibilityGlobals) = postSolution
		SolutionGuid = {2E9E2D37-180C-4A57-8989-C746B223AD29}
	EndGlobalSection
EndGlobal
